VisualStudioVersion = 18.5.11723.231 stable
MinimumVisualStudioVersion = 10.0.40219.1
Project("{FAE04EC0-301F-11D3-BF4B-00C04F79EFBC}") = "Taskverse.API", "Taskverse.API\Taskverse.API.csproj", "{A1B2C3D4-E5F6-7890-ABCD-EF1234567801}"
EndProject
Project("{FAE04EC0-301F-11D3-BF4B-00C04F79EFBC}") = "Taskverse.Api.MicroServices", "Taskverse.Api.MicroServices\Taskverse.Api.MicroServices.csproj", "{A1B2C3D4-E5F6-7890-ABCD-EF1234567802}"
EndProject
Project("{FAE04EC0-301F-11D3-BF4B-00C04F79EFBC}") = "Taskverse.Business", "Taskverse.Business\Taskverse.Business.csproj", "{A1B2C3D4-E5F6-7890-ABCD-EF1234567803}"
EndProject
Project("{FAE04EC0-301F-11D3-BF4B-00C04F79EFBC}") = "Taskverse.Data", "Taskverse.Data\Taskverse.Data.csproj", "{A1B2C3D4-E5F6-7890-ABCD-EF1234567804}"
EndProject
Project("{FAE04EC0-301F-11D3-BF4B-00C04F79EFBC}") = "Taskverse.Api.Tests", "Taskverse.Api.Tests\Taskverse.Api.Tests.csproj", "{A1B2C3D4-E5F6-7890-ABCD-EF1234567805}"
EndProject
Project("{FAE04EC0-301F-11D3-BF4B-00C04F79EFBC}") = "Taskverse.Business.Tests", "Taskverse.Business.Tests\Taskverse.Business.Tests.csproj", "{A1B2C3D4-E5F6-7890-ABCD-EF1234567806}"
EndProject
Project("{FAE04EC0-301F-11D3-BF4B-00C04F79EFBC}") = "Taskverse.API.Assessments.Service", "Taskverse.API.Assessments.Service\Taskverse.API.Assessments.Service.csproj", "{A1B2C3D4-E5F6-7890-ABCD-EF1234567807}"
EndProject
Project("{FAE04EC0-301F-11D3-BF4B-00C04F79EFBC}") = "Taskverse.API.CodingEngine.Service", "Taskverse.API.CodingEngine.Service\Taskverse.API.CodingEngine.Service.csproj", "{A1B2C3D4-E5F6-7890-ABCD-EF1234567808}"
EndProject
Project("{FAE04EC0-301F-11D3-BF4B-00C04F79EFBC}") = "Taskverse.API.ExamEngine.Service", "Taskverse.API.ExamEngine.Service\Taskverse.API.ExamEngine.Service.csproj", "{A1B2C3D4-E5F6-7890-ABCD-EF1234567809}"
EndProject
Project("{FAE04EC0-301F-11D3-BF4B-00C04F79EFBC}") = "Taskverse.API.Proctor.Service", "Taskverse.API.Proctor.Service\Taskverse.API.Proctor.Service.csproj", "{A1B2C3D4-E5F6-7890-ABCD-EF123456780A}"
EndProject
Project("{FAE04EC0-301F-11D3-BF4B-00C04F79EFBC}") = "Taskverse.API.Reports.Service", "Taskverse.API.Reports.Service\Taskverse.API.Reports.Service.csproj", "{A1B2C3D4-E5F6-7890-ABCD-EF123456780B}"
EndProject
Project("{FAE04EC0-301F-11D3-BF4B-00C04F79EFBC}") = "Taskverse.API.Users.Service", "Taskverse.API.Users.Service\Taskverse.API.Users.Service.csproj", "{A1B2C3D4-E5F6-7890-ABCD-EF123456780C}"
EndProject
Project("{FAE04EC0-301F-11D3-BF4B-00C04F79EFBC}") = "Taskverse.API.Auth.Service", "Taskverse.Auth.Service\Taskverse.API.Auth.Service.csproj", "{A1B2C3D4-E5F6-7890-ABCD-EF123456780D}"
EndProject
Project("{FAE04EC0-301F-11D3-BF4B-00C04F79EFBC}") = "Taskverse.API.College.Service", "Taskverse.College.Service\Taskverse.API.College.Service.csproj", "{A1B2C3D4-E5F6-7890-ABCD-EF123456780E}"
EndProject
Global
GlobalSection(SolutionConfigurationPlatforms) = preSolution
Debug|Any CPU = Debug|Any CPU
Debug|x64 = Debug|x64
Debug|x86 = Debug|x86
Release|Any CPU = Release|Any CPU
Release|x64 = Release|x64
Release|x86 = Release|x86
EndGlobalSection
GlobalSection(ProjectConfigurationPlatforms) = postSolution
{A1B2C3D4-E5F6-7890-ABCD-EF1234567801}.Debug|Any CPU.ActiveCfg = Debug|Any CPU
{A1B2C3D4-E5F6-7890-ABCD-EF1234567801}.Debug|Any CPU.Build.0 = Debug|Any CPU
{A1B2C3D4-E5F6-7890-ABCD-EF1234567801}.Debug|x64.ActiveCfg = Debug|Any CPU
{A1B2C3D4-E5F6-7890-ABCD-EF1234567801}.Debug|x64.Build.0 = Debug|Any CPU
{A1B2C3D4-E5F6-7890-ABCD-EF1234567801}.Debug|x86.ActiveCfg = Debug|Any CPU
{A1B2C3D4-E5F6-7890-ABCD-EF1234567801}.Debug|x86.Build.0 = Debug|Any CPU
{A1B2C3D4-E5F6-7890-ABCD-EF1234567801}.Release|Any CPU.ActiveCfg = Release|Any CPU
{A1B2C3D4-E5F6-7890-ABCD-EF1234567801}.Release|Any CPU.Build.0 = Release|Any CPU
{A1B2C3D4-E5F6-7890-ABCD-EF1234567801}.Release|x64.ActiveCfg = Release|Any CPU
{A1B2C3D4-E5F6-7890-ABCD-EF1234567801}.Release|x64.Build.0 = Release|Any CPU
{A1B2C3D4-E5F6-7890-ABCD-EF1234567801}.Release|x86.ActiveCfg = Release|Any CPU
{A1B2C3D4-E5F6-7890-ABCD-EF1234567801}.Release|x86.Build.0 = Release|Any CPU
{A1B2C3D4-E5F6-7890-ABCD-EF1234567802}.Debug|Any CPU.ActiveCfg = Debug|Any CPU
{A1B2C3D4-E5F6-7890-ABCD-EF1234567802}.Debug|Any CPU.Build.0 = Debug|Any CPU
{A1B2C3D4-E5F6-7890-ABCD-EF1234567802}.Debug|x64.ActiveCfg = Debug|Any CPU
{A1B2C3D4-E5F6-7890-ABCD-EF1234567802}.Debug|x64.Build.0 = Debug|Any CPU
{A1B2C3D4-E5F6-7890-ABCD-EF1234567802}.Debug|x86.ActiveCfg = Debug|Any CPU
{A1B2C3D4-E5F6-7890-ABCD-EF1234567802}.Debug|x86.Build.0 = Debug|Any CPU
{A1B2C3D4-E5F6-7890-ABCD-EF1234567802}.Release|Any CPU.ActiveCfg = Release|Any CPU
{A1B2C3D4-E5F6-7890-ABCD-EF1234567802}.Release|Any CPU.Build.0 = Release|Any CPU
{A1B2C3D4-E5F6-7890-ABCD-EF1234567802}.Release|x64.ActiveCfg = Release|Any CPU
{A1B2C3D4-E5F6-7890-ABCD-EF1234567802}.Release|x64.Build.0 = Release|Any CPU
{A1B2C3D4-E5F6-7890-ABCD-EF1234567802}.Release|x86.ActiveCfg = Release|Any CPU
{A1B2C3D4-E5F6-7890-ABCD-EF1234567802}.Release|x86.Build.0 = Release|Any CPU
{A1B2C3D4-E5F6-7890-ABCD-EF1234567803}.Debug|Any CPU.ActiveCfg = Debug|Any CPU
{A1B2C3D4-E5F6-7890-ABCD-EF1234567803}.Debug|Any CPU.Build.0 = Debug|Any CPU
{A1B2C3D4-E5F6-7890-ABCD-EF1234567803}.Debug|x64.ActiveCfg = Debug|Any CPU
{A1B2C3D4-E5F6-7890-ABCD-EF1234567803}.Debug|x64.Build.0 = Debug|Any CPU
{A1B2C3D4-E5F6-7890-ABCD-EF1234567803}.Debug|x86.ActiveCfg = Debug|Any CPU
{A1B2C3D4-E5F6-7890-ABCD-EF1234567803}.Debug|x86.Build.0 = Debug|Any CPU
{A1B2C3D4-E5F6-7890-ABCD-EF1234567803}.Release|Any CPU.ActiveCfg = Release|Any CPU
{A1B2C3D4-E5F6-7890-ABCD-EF1234567803}.Release|Any CPU.Build.0 = Release|Any CPU
{A1B2C3D4-E5F6-7890-ABCD-EF1234567803}.Release|x64.ActiveCfg = Release|Any CPU
{A1B2C3D4-E5F6-7890-ABCD-EF1234567803}.Release|x64.Build.0 = Release|Any CPU
{A1B2C3D4-E5F6-7890-ABCD-EF1234567803}.Release|x86.ActiveCfg = Release|Any CPU
{A1B2C3D4-E5F6-7890-ABCD-EF1234567803}.Release|x86.Build.0 = Release|Any CPU
{A1B2C3D4-E5F6-7890-ABCD-EF1234567804}.Debug|Any CPU.ActiveCfg = Debug|Any CPU
{A1B2C3D4-E5F6-7890-ABCD-EF1234567804}.Debug|Any CPU.Build.0 = Debug|Any CPU
{A1B2C3D4-E5F6-7890-ABCD-EF1234567804}.Debug|x64.ActiveCfg = Debug|Any CPU
{A1B2C3D4-E5F6-7890-ABCD-EF1234567804}.Debug|x64.Build.0 = Debug|Any CPU
{A1B2C3D4-E5F6-7890-ABCD-EF1234567804}.Debug|x86.ActiveCfg = Debug|Any CPU
{A1B2C3D4-E5F6-7890-ABCD-EF1234567804}.Debug|x86.Build.0 = Debug|Any CPU
{A1B2C3D4-E5F6-7890-ABCD-EF1234567804}.Release|Any CPU.ActiveCfg = Release|Any CPU
{A1B2C3D4-E5F6-7890-ABCD-EF1234567804}.Release|Any CPU.Build.0 = Release|Any CPU
{A1B2C3D4-E5F6-7890-ABCD-EF1234567804}.Release|x64.ActiveCfg = Release|Any CPU
{A1B2C3D4-E5F6-7890-ABCD-EF1234567804}.Release|x64.Build.0 = Release|Any CPU
{A1B2C3D4-E5F6-7890-ABCD-EF1234567804}.Release|x86.ActiveCfg = Release|Any CPU
{A1B2C3D4-E5F6-7890-ABCD-EF1234567804}.Release|x86.Build.0 = Release|Any CPU
{A1B2C3D4-E5F6-7890-ABCD-EF1234567805}.Debug|Any CPU.ActiveCfg = Debug|Any CPU
{A1B2C3D4-E5F6-7890-ABCD-EF1234567805}.Debug|Any CPU.Build.0 = Debug|Any CPU
{A1B2C3D4-E5F6-7890-ABCD-EF1234567805}.Debug|x64.ActiveCfg = Debug|Any CPU
{A1B2C3D4-E5F6-7890-ABCD-EF1234567805}.Debug|x64.Build.0 = Debug|Any CPU
{A1B2C3D4-E5F6-7890-ABCD-EF1234567805}.Debug|x86.ActiveCfg = Debug|Any CPU
{A1B2C3D4-E5F6-7890-ABCD-EF1234567805}.Debug|x86.Build.0 = Debug|Any CPU
{A1B2C3D4-E5F6-7890-ABCD-EF1234567805}.Release|Any CPU.ActiveCfg = Release|Any CPU
{A1B2C3D4-E5F6-7890-ABCD-EF1234567805}.Release|Any CPU.Build.0 = Release|Any CPU
{A1B2C3D4-E5F6-7890-ABCD-EF1234567805}.Release|x64.ActiveCfg = Release|Any CPU
{A1B2C3D4-E5F6-7890-ABCD-EF1234567805}.Release|x64.Build.0 = Release|Any CPU
{A1B2C3D4-E5F6-7890-ABCD-EF1234567805}.Release|x86.ActiveCfg = Release|Any CPU
{A1B2C3D4-E5F6-7890-ABCD-EF1234567805}.Release|x86.Build.0 = Release|Any CPU
{A1B2C3D4-E5F6-7890-ABCD-EF1234567806}.Debug|Any CPU.ActiveCfg = Debug|Any CPU
{A1B2C3D4-E5F6-7890-ABCD-EF1234567806}.Debug|Any CPU.Build.0 = Debug|Any CPU
{A1B2C3D4-E5F6-7890-ABCD-EF1234567806}.Debug|x64.ActiveCfg = Debug|Any CPU
{A1B2C3D4-E5F6-7890-ABCD-EF1234567806}.Debug|x64.Build.0 = Debug|Any CPU
{A1B2C3D4-E5F6-7890-ABCD-EF1234567806}.Debug|x86.ActiveCfg = Debug|Any CPU
{A1B2C3D4-E5F6-7890-ABCD-EF1234567806}.Debug|x86.Build.0 = Debug|Any CPU
{A1B2C3D4-E5F6-7890-ABCD-EF1234567806}.Release|Any CPU.ActiveCfg = Release|Any CPU
{A1B2C3D4-E5F6-7890-ABCD-EF1234567806}.Release|Any CPU.Build.0 = Release|Any CPU
{A1B2C3D4-E5F6-7890-ABCD-EF1234567806}.Release|x64.ActiveCfg = Release|Any CPU
{A1B2C3D4-E5F6-7890-ABCD-EF1234567806}.Release|x64.Build.0 = Release|Any CPU
{A1B2C3D4-E5F6-7890-ABCD-EF1234567806}.Release|x86.ActiveCfg = Release|Any CPU
{A1B2C3D4-E5F6-7890-ABCD-EF1234567806}.Release|x86.Build.0 = Release|Any CPU
{A1B2C3D4-E5F6-7890-ABCD-EF1234567807}.Debug|Any CPU.ActiveCfg = Debug|Any CPU
{A1B2C3D4-E5F6-7890-ABCD-EF1234567807}.Debug|Any CPU.Build.0 = Debug|Any CPU
{A1B2C3D4-E5F6-7890-ABCD-EF1234567807}.Debug|x64.ActiveCfg = Debug|Any CPU
{A1B2C3D4-E5F6-7890-ABCD-EF1234567807}.Debug|x64.Build.0 = Debug|Any CPU
{A1B2C3D4-E5F6-7890-ABCD-EF1234567807}.Debug|x86.ActiveCfg = Debug|Any CPU
{A1B2C3D4-E5F6-7890-ABCD-EF1234567807}.Debug|x86.Build.0 = Debug|Any CPU
{A1B2C3D4-E5F6-7890-ABCD-EF1234567807}.Release|Any CPU.ActiveCfg = Release|Any CPU
{A1B2C3D4-E5F6-7890-ABCD-EF1234567807}.Release|Any CPU.Build.0 = Release|Any CPU
{A1B2C3D4-E5F6-7890-ABCD-EF1234567807}.Release|x64.ActiveCfg = Release|Any CPU
{A1B2C3D4-E5F6-7890-ABCD-EF1234567807}.Release|x64.Build.0 = Release|Any CPU
{A1B2C3D4-E5F6-7890-ABCD-EF1234567807}.Release|x86.ActiveCfg = Release|Any CPU
{A1B2C3D4-E5F6-7890-ABCD-EF1234567807}.Release|x86.Build.0 = Release|Any CPU
{A1B2C3D4-E5F6-7890-ABCD-EF1234567808}.Debug|Any CPU.ActiveCfg = Debug|Any CPU
{A1B2C3D4-E5F6-7890-ABCD-EF1234567808}.Debug|Any CPU.Build.0 = Debug|Any CPU
{A1B2C3D4-E5F6-7890-ABCD-EF1234567808}.Debug|x64.ActiveCfg = Debug|Any CPU
{A1B2C3D4-E5F6-7890-ABCD-EF1234567808}.Debug|x64.Build.0 = Debug|Any CPU
{A1B2C3D4-E5F6-7890-ABCD-EF1234567808}.Debug|x86.ActiveCfg = Debug|Any CPU
{A1B2C3D4-E5F6-7890-ABCD-EF1234567808}.Debug|x86.Build.0 = Debug|Any CPU
{A1B2C3D4-E5F6-7890-ABCD-EF1234567808}.Release|Any CPU.ActiveCfg = Release|Any CPU
{A1B2C3D4-E5F6-7890-ABCD-EF1234567808}.Release|Any CPU.Build.0 = Release|Any CPU
{A1B2C3D4-E5F6-7890-ABCD-EF1234567808}.Release|x64.ActiveCfg = Release|Any CPU
{A1B2C3D4-E5F6-7890-ABCD-EF1234567808}.Release|x64.Build.0 = Release|Any CPU
{A1B2C3D4-E5F6-7890-ABCD-EF1234567808}.Release|x86.ActiveCfg = Release|Any CPU
{A1B2C3D4-E5F6-7890-ABCD-EF1234567808}.Release|x86.Build.0 = Release|Any CPU
{A1B2C3D4-E5F6-7890-ABCD-EF1234567809}.Debug|Any CPU.ActiveCfg = Debug|Any CPU
{A1B2C3D4-E5F6-7890-ABCD-EF1234567809}.Debug|Any CPU.Build.0 = Debug|Any CPU
{A1B2C3D4-E5F6-7890-ABCD-EF1234567809}.Debug|x64.ActiveCfg = Debug|Any CPU
{A1B2C3D4-E5F6-7890-ABCD-EF1234567809}.Debug|x64.Build.0 = Debug|Any CPU
{A1B2C3D4-E5F6-7890-ABCD-EF1234567809}.Debug|x86.ActiveCfg = Debug|Any CPU
{A1B2C3D4-E5F6-7890-ABCD-EF1234567809}.Debug|x86.Build.0 = Debug|Any CPU
{A1B2C3D4-E5F6-7890-ABCD-EF1234567809}.Release|Any CPU.ActiveCfg = Release|Any CPU
{A1B2C3D4-E5F6-7890-ABCD-EF1234567809}.Release|Any CPU.Build.0 = Release|Any CPU
{A1B2C3D4-E5F6-7890-ABCD-EF1234567809}.Release|x64.ActiveCfg = Release|Any CPU
{A1B2C3D4-E5F6-7890-ABCD-EF1234567809}.Release|x64.Build.0 = Release|Any CPU
{A1B2C3D4-E5F6-7890-ABCD-EF1234567809}.Release|x86.ActiveCfg = Release|Any CPU
{A1B2C3D4-E5F6-7890-ABCD-EF1234567809}.Release|x86.Build.0 = Release|Any CPU
{A1B2C3D4-E5F6-7890-ABCD-EF123456780A}.Debug|Any CPU.ActiveCfg = Debug|Any CPU
{A1B2C3D4-E5F6-7890-ABCD-EF123456780A}.Debug|Any CPU.Build.0 = Debug|Any CPU
{A1B2C3D4-E5F6-7890-ABCD-EF123456780A}.Debug|x64.ActiveCfg = Debug|Any CPU
{A1B2C3D4-E5F6-7890-ABCD-EF123456780A}.Debug|x64.Build.0 = Debug|Any CPU
{A1B2C3D4-E5F6-7890-ABCD-EF123456780A}.Debug|x86.ActiveCfg = Debug|Any CPU
{A1B2C3D4-E5F6-7890-ABCD-EF123456780A}.Debug|x86.Build.0 = Debug|Any CPU
{A1B2C3D4-E5F6-7890-ABCD-EF123456780A}.Release|Any CPU.ActiveCfg = Release|Any CPU
{A1B2C3D4-E5F6-7890-ABCD-EF123456780A}.Release|Any CPU.Build.0 = Release|Any CPU
{A1B2C3D4-E5F6-7890-ABCD-EF123456780A}.Release|x64.ActiveCfg = Release|Any CPU
{A1B2C3D4-E5F6-7890-ABCD-EF123456780A}.Release|x64.Build.0 = Release|Any CPU
{A1B2C3D4-E5F6-7890-ABCD-EF123456780A}.Release|x86.ActiveCfg = Release|Any CPU
{A1B2C3D4-E5F6-7890-ABCD-EF123456780A}.Release|x86.Build.0 = Release|Any CPU
{A1B2C3D4-E5F6-7890-ABCD-EF123456780B}.Debug|Any CPU.ActiveCfg = Debug|Any CPU
{A1B2C3D4-E5F6-7890-ABCD-EF123456780B}.Debug|Any CPU.Build.0 = Debug|Any CPU
{A1B2C3D4-E5F6-7890-ABCD-EF123456780B}.Debug|x64.ActiveCfg = Debug|Any CPU
{A1B2C3D4-E5F6-7890-ABCD-EF123456780B}.Debug|x64.Build.0 = Debug|Any CPU
{A1B2C3D4-E5F6-7890-ABCD-EF123456780B}.Debug|x86.ActiveCfg = Debug|Any CPU
{A1B2C3D4-E5F6-7890-ABCD-EF123456780B}.Debug|x86.Build.0 = Debug|Any CPU
{A1B2C3D4-E5F6-7890-ABCD-EF123456780B}.Release|Any CPU.ActiveCfg = Release|Any CPU
{A1B2C3D4-E5F6-7890-ABCD-EF123456780B}.Release|Any CPU.Build.0 = Release|Any CPU
{A1B2C3D4-E5F6-7890-ABCD-EF123456780B}.Release|x64.ActiveCfg = Release|Any CPU
{A1B2C3D4-E5F6-7890-ABCD-EF123456780B}.Release|x64.Build.0 = Release|Any CPU
{A1B2C3D4-E5F6-7890-ABCD-EF123456780B}.Release|x86.ActiveCfg = Release|Any CPU
{A1B2C3D4-E5F6-7890-ABCD-EF123456780B}.Release|x86.Build.0 = Release|Any CPU
{A1B2C3D4-E5F6-7890-ABCD-EF123456780C}.Debug|Any CPU.ActiveCfg = Debug|Any CPU
{A1B2C3D4-E5F6-7890-ABCD-EF123456780C}.Debug|Any CPU.Build.0 = Debug|Any CPU
{A1B2C3D4-E5F6-7890-ABCD-EF123456780C}.Debug|x64.ActiveCfg = Debug|Any CPU
{A1B2C3D4-E5F6-7890-ABCD-EF123456780C}.Debug|x64.Build.0 = Debug|Any CPU
{A1B2C3D4-E5F6-7890-ABCD-EF123456780C}.Debug|x86.ActiveCfg = Debug|Any CPU
{A1B2C3D4-E5F6-7890-ABCD-EF123456780C}.Debug|x86.Build.0 = Debug|Any CPU
{A1B2C3D4-E5F6-7890-ABCD-EF123456780C}.Release|Any CPU.ActiveCfg = Release|Any CPU
{A1B2C3D4-E5F6-7890-ABCD-EF123456780C}.Release|Any CPU.Build.0 = Release|Any CPU
{A1B2C3D4-E5F6-7890-ABCD-EF123456780C}.Release|x64.ActiveCfg = Release|Any CPU
{A1B2C3D4-E5F6-7890-ABCD-EF123456780C}.Release|x64.Build.0 = Release|Any CPU
{A1B2C3D4-E5F6-7890-ABCD-EF123456780C}.Release|x86.ActiveCfg = Release|Any CPU
{A1B2C3D4-E5F6-7890-ABCD-EF123456780C}.Release|x86.Build.0 = Release|Any CPU
{A1B2C3D4-E5F6-7890-ABCD-EF123456780D}.Debug|Any CPU.ActiveCfg = Debug|Any CPU
{A1B2C3D4-E5F6-7890-ABCD-EF123456780D}.Debug|Any CPU.Build.0 = Debug|Any CPU
{A1B2C3D4-E5F6-7890-ABCD-EF123456780D}.Debug|x64.ActiveCfg = Debug|Any CPU
{A1B2C3D4-E5F6-7890-ABCD-EF123456780D}.Debug|x64.Build.0 = Debug|Any CPU
{A1B2C3D4-E5F6-7890-ABCD-EF123456780D}.Debug|x86.ActiveCfg = Debug|Any CPU
{A1B2C3D4-E5F6-7890-ABCD-EF123456780D}.Debug|x86.Build.0 = Debug|Any CPU
{A1B2C3D4-E5F6-7890-ABCD-EF123456780D}.Release|Any CPU.ActiveCfg = Release|Any CPU
{A1B2C3D4-E5F6-7890-ABCD-EF123456780D}.Release|Any CPU.Build.0 = Release|Any CPU
{A1B2C3D4-E5F6-7890-ABCD-EF123456780D}.Release|x64.ActiveCfg = Release|Any CPU
{A1B2C3D4-E5F6-7890-ABCD-EF123456780D}.Release|x64.Build.0 = Release|Any CPU
{A1B2C3D4-E5F6-7890-ABCD-EF123456780D}.Release|x86.ActiveCfg = Release|Any CPU
{A1B2C3D4-E5F6-7890-ABCD-EF123456780D}.Release|x86.Build.0 = Release|Any CPU
{A1B2C3D4-E5F6-7890-ABCD-EF123456780E}.Debug|Any CPU.ActiveCfg = Debug|Any CPU
{A1B2C3D4-E5F6-7890-ABCD-EF123456780E}.Debug|Any CPU.Build.0 = Debug|Any CPU
{A1B2C3D4-E5F6-7890-ABCD-EF123456780E}.Debug|x64.ActiveCfg = Debug|Any CPU
{A1B2C3D4-E5F6-7890-ABCD-EF123456780E}.Debug|x64.Build.0 = Debug|Any CPU
{A1B2C3D4-E5F6-7890-ABCD-EF123456780E}.Debug|x86.ActiveCfg = Debug|Any CPU
{A1B2C3D4-E5F6-7890-ABCD-EF123456780E}.Debug|x86.Build.0 = Debug|Any CPU
{A1B2C3D4-E5F6-7890-ABCD-EF123456780E}.Release|Any CPU.ActiveCfg = Release|Any CPU
{A1B2C3D4-E5F6-7890-ABCD-EF123456780E}.Release|Any CPU.Build.0 = Release|Any CPU
{A1B2C3D4-E5F6-7890-ABCD-EF123456780E}.Release|x64.ActiveCfg = Release|Any CPU
{A1B2C3D4-E5F6-7890-ABCD-EF123456780E}.Release|x64.Build.0 = Release|Any CPU
{A1B2C3D4-E5F6-7890-ABCD-EF123456780E}.Release|x86.ActiveCfg = Release|Any CPU
{A1B2C3D4-E5F6-7890-ABCD-EF123456780E}.Release|x86.Build.0 = Release|Any CPU
EndGlobalSection
GlobalSection(SolutionProperties) = preSolution
HideSolutionNode = FALSE
EndGlobalSection
GlobalSection(ExtensibilityGlobals) = postSolution
SolutionGuid = {A1B2C3D4-E5F6-7890-ABCD-EF1234567800}
EndGlobalSection
EndGlobal